
Microsoft Visual Studio Solution File, Format Version 12.00
# Visual Studio 15
VisualStudioVersion = 15.0.28010.2046
MinimumVisualStudioVersion = 10.0.40219.1
Project("{9A19103F-16F7-4668-BE54-9A1E7A4F7556}") = "CatsAndDogs", "CatsAndDogs\CatsAndDogs.csproj", "{601DF7F3-5158-414F-A2B7-F88B3F503BC2}"
EndProject
Global
	GlobalSection(SolutionConfigurationPlatforms) = preSolution
		Debug|Any CPU = Debug|Any CPU
		Release|Any CPU = Release|Any CPU
	EndGlobalSection
	GlobalSection(ProjectConfigurationPlatforms) = postSolution
		{601DF7F3-5158-414F-A2B7-F88B3F503BC2}.Debug|Any CPU.ActiveCfg = Debug|Any CPU
		{601DF7F3-5158-414F-A2B7-F88B3F503BC2}.Debug|Any CPU.Build.0 = Debug|Any CPU
		{601DF7F3-5158-414F-A2B7-F88B3F503BC2}.Release|Any CPU.ActiveCfg = Release|Any CPU
		{601DF7F3-5158-414F-A2B7-F88B3F503BC2}.Release|Any CPU.Build.0 = Release|Any CPU
	EndGlobalSection
	GlobalSection(SolutionProperties) = preSolution
		HideSolutionNode = FALSE
	EndGlobalSection
	GlobalSection(ExtensibilityGlobals) = postSolution
		SolutionGuid = {14FF7B82-8912-400E-AC19-A609916BF187}
	EndGlobalSection
EndGlobal
